<?xml version="1.0" encoding="utf-8"?>
<Project ToolsVersion="4.0" xmlns="http://schemas.microsoft.com/developer/msbuild/2003">
  <ItemGroup>
    <Filter Include="Source Files">
      <UniqueIdentifier>{4FC737F1-C7A5-4376-A066-2A32D752A2FF}</UniqueIdentifier>
      <Extensions>cpp;c;cc;cxx;c++;cppm;ixx;def;odl;idl;hpj;bat;asm;asmx</Extensions>
    </Filter>
    <Filter Include="Header Files">
      <UniqueIdentifier>{93995380-89BD-4b04-88EB-625FBE52EBFB}</UniqueIdentifier>
      <Extensions>h;hh;hpp;hxx;h++;hm;inl;inc;ipp;xsd</Extensions>
    </Filter>
    <Filter Include="Resource Files">
      <UniqueIdentifier>{67DA6AB6-F800-4c08-8B7A-83BB121AAD01}</UniqueIdentifier>
      <Extensions>rc;ico;cur;bmp;dlg;rc2;rct;bin;rgs;gif;jpg;jpeg;jpe;resx;tiff;tif;png;wav;mfcribbon-ms</Extensions>
    </Filter>
    <Filter Include="Header Files\Console">
      <UniqueIdentifier>{a3f62e7d-486f-438d-b1fe-20f48150d065}</UniqueIdentifier>
    </Filter>
    <Filter Include="Source Files\Console">
      <UniqueIdentifier>{9c060e95-f5a2-4afa-9d5d-66213230449e}</UniqueIdentifier>
    </Filter>
  </ItemGroup>
  <ItemGroup>
    <ClCompile Include="Main.cpp">
      <Filter>Source Files</Filter>
    </ClCompile>
    <ClCompile Include="YunutyCycle.cpp">
      <Filter>Source Files</Filter>
    </ClCompile>
    <ClCompile Include="Object.cpp">
      <Filter>Source Files</Filter>
    </ClCompile>
    <ClCompile Include="Scene.cpp">
      <Filter>Source Files</Filter>
    </ClCompile>
    <ClCompile Include="GameObject.cpp">
      <Filter>Source Files</Filter>
    </ClCompile>
    <ClCompile Include="Component.cpp">
      <Filter>Source Files</Filter>
    </ClCompile>
    <ClCompile Include="GlobalComponent.cpp">
      <Filter>Source Files</Filter>
    </ClCompile>
    <ClCompile Include="Time.cpp">
      <Filter>Source Files</Filter>
    </ClCompile>
    <ClCompile Include="Input.cpp">
      <Filter>Source Files</Filter>
    </ClCompile>
    <ClCompile Include="Transform.cpp">
      <Filter>Source Files</Filter>
    </ClCompile>
    <ClCompile Include="Vector.cpp">
      <Filter>Source Files</Filter>
    </ClCompile>
    <ClCompile Include="Vector2.cpp">
      <Filter>Source Files</Filter>
    </ClCompile>
    <ClCompile Include="Vector3.cpp">
      <Filter>Source Files</Filter>
    </ClCompile>
    <ClCompile Include="RectTransform.cpp">
      <Filter>Source Files</Filter>
    </ClCompile>
    <ClCompile Include="Rect.cpp">
      <Filter>Source Files</Filter>
    </ClCompile>
    <ClCompile Include="Camera.cpp">
      <Filter>Source Files</Filter>
    </ClCompile>
    <ClCompile Include="Graphic.cpp">
      <Filter>Source Files</Filter>
    </ClCompile>
    <ClCompile Include="ConsoleCamera.cpp">
      <Filter>Source Files\Console</Filter>
    </ClCompile>
    <ClCompile Include="MatrixCustomImage.cpp">
      <Filter>Source Files\Console</Filter>
    </ClCompile>
    <ClCompile Include="MatrixImage.cpp">
      <Filter>Source Files\Console</Filter>
    </ClCompile>
    <ClCompile Include="matrix2d.cpp">
      <Filter>Source Files\Console</Filter>
    </ClCompile>
    <ClCompile Include="ConsoleInput.cpp">
      <Filter>Source Files\Console</Filter>
    </ClCompile>
  </ItemGroup>
  <ItemGroup>
    <ClInclude Include="YunutyCycle.h">
      <Filter>Header Files</Filter>
    </ClInclude>
    <ClInclude Include="Object.h">
      <Filter>Header Files</Filter>
    </ClInclude>
    <ClInclude Include="Scene.h">
      <Filter>Header Files</Filter>
    </ClInclude>
    <ClInclude Include="GameObject.h">
      <Filter>Header Files</Filter>
    </ClInclude>
    <ClInclude Include="Component.h">
      <Filter>Header Files</Filter>
    </ClInclude>
    <ClInclude Include="GlobalComponent.h">
      <Filter>Header Files</Filter>
    </ClInclude>
    <ClInclude Include="Time.h">
      <Filter>Header Files</Filter>
    </ClInclude>
    <ClInclude Include="Input.h">
      <Filter>Header Files</Filter>
    </ClInclude>
    <ClInclude Include="resource.h">
      <Filter>Header Files</Filter>
    </ClInclude>
    <ClInclude Include="EKeycode.h">
      <Filter>Header Files</Filter>
    </ClInclude>
    <ClInclude Include="Transform.h">
      <Filter>Header Files</Filter>
    </ClInclude>
    <ClInclude Include="Vector.h">
      <Filter>Header Files</Filter>
    </ClInclude>
    <ClInclude Include="Vector2.h">
      <Filter>Header Files</Filter>
    </ClInclude>
    <ClInclude Include="Vector3.h">
      <Filter>Header Files</Filter>
    </ClInclude>
    <ClInclude Include="RectTransform.h">
      <Filter>Header Files</Filter>
    </ClInclude>
    <ClInclude Include="Rect.h">
      <Filter>Header Files</Filter>
    </ClInclude>
    <ClInclude Include="Camera.h">
      <Filter>Header Files</Filter>
    </ClInclude>
    <ClInclude Include="IGameObjectParent.h">
      <Filter>Header Files</Filter>
    </ClInclude>
    <ClInclude Include="ConsoleCamera.h">
      <Filter>Header Files\Console</Filter>
    </ClInclude>
    <ClInclude Include="YunutyEngine.h">
      <Filter>Header Files</Filter>
    </ClInclude>
    <ClInclude Include="YunutyEngineConsole.h">
      <Filter>Header Files\Console</Filter>
    </ClInclude>
    <ClInclude Include="Graphic.h">
      <Filter>Header Files</Filter>
    </ClInclude>
    <ClInclude Include="MatrixImage.h">
      <Filter>Header Files\Console</Filter>
    </ClInclude>
    <ClInclude Include="MatrixCustomImage.h">
      <Filter>Header Files\Console</Filter>
    </ClInclude>
    <ClInclude Include="matrix2d.h">
      <Filter>Header Files\Console</Filter>
    </ClInclude>
    <ClInclude Include="ConsoleInput.h">
      <Filter>Header Files\Console</Filter>
    </ClInclude>
  </ItemGroup>
</Project>