<?xml version="1.0" encoding="utf-8"?>
<Project ToolsVersion="4.0" xmlns="http://schemas.microsoft.com/developer/msbuild/2003">
  <ItemGroup>
    <Filter Include="Source Files">
      <UniqueIdentifier>{4FC737F1-C7A5-4376-A066-2A32D752A2FF}</UniqueIdentifier>
      <Extensions>cpp;c;cc;cxx;c++;cppm;ixx;def;odl;idl;hpj;bat;asm;asmx</Extensions>
    </Filter>
    <Filter Include="Header Files">
      <UniqueIdentifier>{93995380-89BD-4b04-88EB-625FBE52EBFB}</UniqueIdentifier>
      <Extensions>h;hh;hpp;hxx;h++;hm;inl;inc;ipp;xsd</Extensions>
    </Filter>
    <Filter Include="Resource Files">
      <UniqueIdentifier>{67DA6AB6-F800-4c08-8B7A-83BB121AAD01}</UniqueIdentifier>
      <Extensions>rc;ico;cur;bmp;dlg;rc2;rct;bin;rgs;gif;jpg;jpeg;jpe;resx;tiff;tif;png;wav;mfcribbon-ms</Extensions>
    </Filter>
  </ItemGroup>
  <ItemGroup>
    <ClCompile Include="Main.cpp">
      <Filter>Source Files</Filter>
    </ClCompile>
    <ClCompile Include="BoxImage.cpp">
      <Filter>Source Files</Filter>
    </ClCompile>
    <ClCompile Include="AnimatedImage.cpp">
      <Filter>Source Files</Filter>
    </ClCompile>
    <ClCompile Include="SoundPlayer.cpp">
      <Filter>Source Files</Filter>
    </ClCompile>
    <ClCompile Include="갸아악구와아악.cpp">
      <Filter>Source Files</Filter>
    </ClCompile>
    <ClCompile Include="GlobalFunctions.cpp">
      <Filter>Source Files</Filter>
    </ClCompile>
    <ClCompile Include="Facility.cpp">
      <Filter>Source Files</Filter>
    </ClCompile>
    <ClCompile Include="Upgrade.cpp">
      <Filter>Source Files</Filter>
    </ClCompile>
    <ClCompile Include="GameInfo.cpp">
      <Filter>Source Files</Filter>
    </ClCompile>
    <ClCompile Include="ManualKimJang.cpp">
      <Filter>Source Files</Filter>
    </ClCompile>
    <ClCompile Include="Button.cpp">
      <Filter>Source Files</Filter>
    </ClCompile>
    <ClCompile Include="ISelectable.cpp">
      <Filter>Source Files</Filter>
    </ClCompile>
    <ClCompile Include="Selector.cpp">
      <Filter>Source Files</Filter>
    </ClCompile>
    <ClCompile Include="TextImage.cpp">
      <Filter>Source Files</Filter>
    </ClCompile>
    <ClCompile Include="AddCategory.cpp">
      <Filter>Source Files</Filter>
    </ClCompile>
    <ClCompile Include="VerticalSelector.cpp">
      <Filter>Source Files</Filter>
    </ClCompile>
    <ClCompile Include="KimchiNumText.cpp">
      <Filter>Source Files</Filter>
    </ClCompile>
    <ClCompile Include="FacilityText.cpp">
      <Filter>Source Files</Filter>
    </ClCompile>
    <ClCompile Include="UpgradeQueue.cpp">
      <Filter>Source Files</Filter>
    </ClCompile>
    <ClCompile Include="SaveFile.cpp">
      <Filter>Source Files</Filter>
    </ClCompile>
    <ClCompile Include="NewsText.cpp">
      <Filter>Source Files</Filter>
    </ClCompile>
    <ClCompile Include="KonamiCommand.cpp">
      <Filter>Source Files</Filter>
    </ClCompile>
    <ClCompile Include="FacilityUnlock.cpp">
      <Filter>Source Files</Filter>
    </ClCompile>
  </ItemGroup>
  <ItemGroup>
    <ClInclude Include="BoxImage.h">
      <Filter>Header Files</Filter>
    </ClInclude>
    <ClInclude Include="AnimatedImage.h">
      <Filter>Header Files</Filter>
    </ClInclude>
    <ClInclude Include="SoundPlayer.h">
      <Filter>Header Files</Filter>
    </ClInclude>
    <ClInclude Include="TextImage.h">
      <Filter>Header Files</Filter>
    </ClInclude>
    <ClInclude Include="Facility.h">
      <Filter>Header Files</Filter>
    </ClInclude>
    <ClInclude Include="Upgrade.h">
      <Filter>Header Files</Filter>
    </ClInclude>
    <ClInclude Include="GameInfo.h">
      <Filter>Header Files</Filter>
    </ClInclude>
    <ClInclude Include="ManualKimJang.h">
      <Filter>Header Files</Filter>
    </ClInclude>
    <ClInclude Include="Button.h">
      <Filter>Header Files</Filter>
    </ClInclude>
    <ClInclude Include="ISelectable.h">
      <Filter>Header Files</Filter>
    </ClInclude>
    <ClInclude Include="Selector.h">
      <Filter>Header Files</Filter>
    </ClInclude>
    <ClInclude Include="GlobalFunctions.h">
      <Filter>Header Files</Filter>
    </ClInclude>
    <ClInclude Include="AddCategory.h">
      <Filter>Header Files</Filter>
    </ClInclude>
    <ClInclude Include="VerticalSelector.h">
      <Filter>Header Files</Filter>
    </ClInclude>
    <ClInclude Include="KimchiNumText.h">
      <Filter>Header Files</Filter>
    </ClInclude>
    <ClInclude Include="FacilityText.h">
      <Filter>Header Files</Filter>
    </ClInclude>
    <ClInclude Include="UpgradeQueue.h">
      <Filter>Header Files</Filter>
    </ClInclude>
    <ClInclude Include="SetUpgradePresets.h">
      <Filter>Header Files</Filter>
    </ClInclude>
    <ClInclude Include="SaveFile.h">
      <Filter>Header Files</Filter>
    </ClInclude>
    <ClInclude Include="NewsText.h">
      <Filter>Header Files</Filter>
    </ClInclude>
    <ClInclude Include="KonamiCommand.h">
      <Filter>Header Files</Filter>
    </ClInclude>
    <ClInclude Include="FacilityUnlock.h">
      <Filter>Header Files</Filter>
    </ClInclude>
  </ItemGroup>
</Project>